
Microsoft Visual Studio Solution File, Format Version 12.00
# Visual Studio 14
VisualStudioVersion = 14.0.23107.0
MinimumVisualStudioVersion = 10.0.40219.1
Project("{FAE04EC0-301F-11D3-BF4B-00C04F79EFBC}") = "lot_test", "lot_test\lot_test.csproj", "{BCE8E193-C087-40DF-9A5D-314826EB831C}"
EndProject
Global
	GlobalSection(SolutionConfigurationPlatforms) = preSolution
		Debug|Any CPU = Debug|Any CPU
		Release|Any CPU = Release|Any CPU
	EndGlobalSection
	GlobalSection(ProjectConfigurationPlatforms) = postSolution
		{BCE8E193-C087-40DF-9A5D-314826EB831C}.Debug|Any CPU.ActiveCfg = Debug|Any CPU
		{BCE8E193-C087-40DF-9A5D-314826EB831C}.Debug|Any CPU.Build.0 = Debug|Any CPU
		{BCE8E193-C087-40DF-9A5D-314826EB831C}.Release|Any CPU.ActiveCfg = Release|Any CPU
		{BCE8E193-C087-40DF-9A5D-314826EB831C}.Release|Any CPU.Build.0 = Release|Any CPU
	EndGlobalSection
	GlobalSection(SolutionProperties) = preSolution
		HideSolutionNode = FALSE
	EndGlobalSection
EndGlobal
